
Microsoft Visual Studio Solution File, Format Version 12.00
# Visual Studio Version 17
VisualStudioVersion = 17.5.33424.131
MinimumVisualStudioVersion = 10.0.40219.1
Project("{FAE04EC0-301F-11D3-BF4B-00C04F79EFBC}") = "Hello_World", "Hello_World.csproj", "{F4F5263A-F986-4B25-9FC3-A1F4230B7AFC}"
EndProject
Global
	GlobalSection(SolutionConfigurationPlatforms) = preSolution
		Debug|Any CPU = Debug|Any CPU
		Release|Any CPU = Release|Any CPU
	EndGlobalSection
	GlobalSection(ProjectConfigurationPlatforms) = postSolution
		{F4F5263A-F986-4B25-9FC3-A1F4230B7AFC}.Debug|Any CPU.ActiveCfg = Debug|Any CPU
		{F4F5263A-F986-4B25-9FC3-A1F4230B7AFC}.Debug|Any CPU.Build.0 = Debug|Any CPU
		{F4F5263A-F986-4B25-9FC3-A1F4230B7AFC}.Release|Any CPU.ActiveCfg = Release|Any CPU
		{F4F5263A-F986-4B25-9FC3-A1F4230B7AFC}.Release|Any CPU.Build.0 = Release|Any CPU
	EndGlobalSection
	GlobalSection(SolutionProperties) = preSolution
		HideSolutionNode = FALSE
	EndGlobalSection
	GlobalSection(ExtensibilityGlobals) = postSolution
		SolutionGuid = {1D109366-C103-4ADE-BB8E-F560D2E473C3}
	EndGlobalSection
EndGlobal
